
Microsoft Visual Studio Solution File, Format Version 12.00
# Visual Studio Version 16
VisualStudioVersion = 16.0.31624.102
MinimumVisualStudioVersion = 10.0.40219.1
Project("{FAE04EC0-301F-11D3-BF4B-00C04F79EFBC}") = "ClinicManager", "ClinicManager\ClinicManager.csproj", "{3D7CD4A9-FA33-4DA6-B481-CDD26FE0A2A6}"
EndProject
Global
	GlobalSection(SolutionConfigurationPlatforms) = preSolution
		Debug|Any CPU = Debug|Any CPU
		Release|Any CPU = Release|Any CPU
	EndGlobalSection
	GlobalSection(ProjectConfigurationPlatforms) = postSolution
		{3D7CD4A9-FA33-4DA6-B481-CDD26FE0A2A6}.Debug|Any CPU.ActiveCfg = Debug|Any CPU
		{3D7CD4A9-FA33-4DA6-B481-CDD26FE0A2A6}.Debug|Any CPU.Build.0 = Debug|Any CPU
		{3D7CD4A9-FA33-4DA6-B481-CDD26FE0A2A6}.Release|Any CPU.ActiveCfg = Release|Any CPU
		{3D7CD4A9-FA33-4DA6-B481-CDD26FE0A2A6}.Release|Any CPU.Build.0 = Release|Any CPU
	EndGlobalSection
	GlobalSection(SolutionProperties) = preSolution
		HideSolutionNode = FALSE
	EndGlobalSection
	GlobalSection(ExtensibilityGlobals) = postSolution
		SolutionGuid = {7EA443BA-1961-4410-8A65-3FC69A829862}
	EndGlobalSection
EndGlobal
